
Microsoft Visual Studio Solution File, Format Version 12.00
# Visual Studio Version 17
VisualStudioVersion = 17.5.33516.290
MinimumVisualStudioVersion = 10.0.40219.1
Project("{2150E333-8FDC-42A3-9474-1A3956D46DE8}") = "Solution Items", "Solution Items", "{4A1170B6-D59B-4E99-B5FE-8669F2C37EDF}"
	ProjectSection(SolutionItems) = preProject
		..\README.md = ..\README.md
	EndProjectSection
EndProject
Project("{9A19103F-16F7-4668-BE54-9A1E7A4F7556}") = "Web7.TrustedPersonalAgent0", "Web7.TrustedPersonalAgent0\Web7.TrustedPersonalAgent0.csproj", "{1C475EC8-A624-43DA-9150-96E7DBF5DF69}"
EndProject
Project("{9A19103F-16F7-4668-BE54-9A1E7A4F7556}") = "Web7.TrustedPersonalAgent1", "Web7.TrustedPersonalAgent1\Web7.TrustedPersonalAgent1.csproj", "{F9457838-651E-48C5-A872-DD242D4BF975}"
EndProject
Global
	GlobalSection(SolutionConfigurationPlatforms) = preSolution
		Debug|Any CPU = Debug|Any CPU
		Release|Any CPU = Release|Any CPU
	EndGlobalSection
	GlobalSection(ProjectConfigurationPlatforms) = postSolution
		{1C475EC8-A624-43DA-9150-96E7DBF5DF69}.Debug|Any CPU.ActiveCfg = Debug|Any CPU
		{1C475EC8-A624-43DA-9150-96E7DBF5DF69}.Debug|Any CPU.Build.0 = Debug|Any CPU
		{1C475EC8-A624-43DA-9150-96E7DBF5DF69}.Release|Any CPU.ActiveCfg = Release|Any CPU
		{1C475EC8-A624-43DA-9150-96E7DBF5DF69}.Release|Any CPU.Build.0 = Release|Any CPU
		{F9457838-651E-48C5-A872-DD242D4BF975}.Debug|Any CPU.ActiveCfg = Debug|Any CPU
		{F9457838-651E-48C5-A872-DD242D4BF975}.Debug|Any CPU.Build.0 = Debug|Any CPU
		{F9457838-651E-48C5-A872-DD242D4BF975}.Release|Any CPU.ActiveCfg = Release|Any CPU
		{F9457838-651E-48C5-A872-DD242D4BF975}.Release|Any CPU.Build.0 = Release|Any CPU
	EndGlobalSection
	GlobalSection(SolutionProperties) = preSolution
		HideSolutionNode = FALSE
	EndGlobalSection
	GlobalSection(ExtensibilityGlobals) = postSolution
		SolutionGuid = {80807B84-209A-4419-BFEB-69EF93E5F01C}
	EndGlobalSection
EndGlobal
